
Microsoft Visual Studio Solution File, Format Version 12.00
# Visual Studio 14
VisualStudioVersion = 14.0.23107.0
MinimumVisualStudioVersion = 10.0.40219.1
Project("{FAE04EC0-301F-11D3-BF4B-00C04F79EFBC}") = "TechArt.DataClass", "TechArt.DataClass\TechArt.DataClass.csproj", "{51473D7A-F3F8-4121-9E43-A538744DD530}"
EndProject
Project("{FAE04EC0-301F-11D3-BF4B-00C04F79EFBC}") = "TechArt.Common", "TechArt.Common\TechArt.Common.csproj", "{F2E89CE5-7BA8-47D6-BBD4-E3A9221BD878}"
EndProject
Project("{FAE04EC0-301F-11D3-BF4B-00C04F79EFBC}") = "TechArt.ServiceModel", "TechArt.ServiceModel\TechArt.ServiceModel.csproj", "{F7727A12-0ACB-4DD3-A5D2-DB9F875C1E8C}"
EndProject
Project("{FAE04EC0-301F-11D3-BF4B-00C04F79EFBC}") = "TechArt.Service", "TechArt.Service\TechArt.Service.csproj", "{1D312A12-0049-4138-8CE9-18C5AB7A5C2D}"
EndProject
Project("{FAE04EC0-301F-11D3-BF4B-00C04F79EFBC}") = "TechArt.Host.Core", "TechArt.Host.Core\TechArt.Host.Core.csproj", "{37438D8E-C220-4026-A7C3-6688DB60C6E2}"
EndProject
Project("{2150E333-8FDC-42A3-9474-1A3956D46DE8}") = "Service", "Service", "{F8B196E2-6C96-4EF3-8424-F9BCB50D1292}"
EndProject
Project("{2150E333-8FDC-42A3-9474-1A3956D46DE8}") = "Common", "Common", "{4902B71D-CA66-41F7-9F65-7E31A4794B2A}"
EndProject
Project("{2150E333-8FDC-42A3-9474-1A3956D46DE8}") = "Host", "Host", "{50B0BD35-9F5F-4016-81D2-EEB4BD5D91A6}"
EndProject
Project("{2150E333-8FDC-42A3-9474-1A3956D46DE8}") = "DataClass", "DataClass", "{3EEA4E7B-1E36-4E91-9E8E-25D8138E8603}"
EndProject
Project("{FAE04EC0-301F-11D3-BF4B-00C04F79EFBC}") = "TechArt.Host", "TechArt.Host\TechArt.Host.csproj", "{3A84A1BE-C81B-40DA-B5D2-DF8458EAE5A9}"
EndProject
Project("{FAE04EC0-301F-11D3-BF4B-00C04F79EFBC}") = "TechArt.Host_Console", "TechArt.Host_Console\TechArt.Host_Console.csproj", "{36EB755E-6563-4D74-885B-A84519D009D7}"
EndProject
Project("{FAE04EC0-301F-11D3-BF4B-00C04F79EFBC}") = "TechArt.Services.Resources", "TechArt.Resources\TechArt.Services.Resources.csproj", "{FFE9E406-78AC-4F2A-AC59-C5EF21D501BD}"
EndProject
Project("{2150E333-8FDC-42A3-9474-1A3956D46DE8}") = "Base", "Base", "{7C43EE3A-7F9A-440F-949A-D3E01BC9CF1C}"
EndProject
Project("{FAE04EC0-301F-11D3-BF4B-00C04F79EFBC}") = "TechArt.Base", "TechArt.Base\TechArt.Base.csproj", "{ACD13F10-9593-4031-9373-E86372D8CC28}"
EndProject
Project("{2150E333-8FDC-42A3-9474-1A3956D46DE8}") = "Test", "Test", "{6B980B90-A484-489F-8113-1BB5D45226AA}"
EndProject
Project("{FAE04EC0-301F-11D3-BF4B-00C04F79EFBC}") = "TechArt.SerivceTest", "TechArt.SerivceTest\TechArt.SerivceTest.csproj", "{D657B37E-6020-4FAE-8D2D-37F41DAD1FCC}"
EndProject
Global
	GlobalSection(SolutionConfigurationPlatforms) = preSolution
		Debug|Any CPU = Debug|Any CPU
		Release|Any CPU = Release|Any CPU
	EndGlobalSection
	GlobalSection(ProjectConfigurationPlatforms) = postSolution
		{51473D7A-F3F8-4121-9E43-A538744DD530}.Debug|Any CPU.ActiveCfg = Debug|Any CPU
		{51473D7A-F3F8-4121-9E43-A538744DD530}.Debug|Any CPU.Build.0 = Debug|Any CPU
		{51473D7A-F3F8-4121-9E43-A538744DD530}.Release|Any CPU.ActiveCfg = Release|Any CPU
		{51473D7A-F3F8-4121-9E43-A538744DD530}.Release|Any CPU.Build.0 = Release|Any CPU
		{F2E89CE5-7BA8-47D6-BBD4-E3A9221BD878}.Debug|Any CPU.ActiveCfg = Debug|Any CPU
		{F2E89CE5-7BA8-47D6-BBD4-E3A9221BD878}.Debug|Any CPU.Build.0 = Debug|Any CPU
		{F2E89CE5-7BA8-47D6-BBD4-E3A9221BD878}.Release|Any CPU.ActiveCfg = Release|Any CPU
		{F2E89CE5-7BA8-47D6-BBD4-E3A9221BD878}.Release|Any CPU.Build.0 = Release|Any CPU
		{F7727A12-0ACB-4DD3-A5D2-DB9F875C1E8C}.Debug|Any CPU.ActiveCfg = Debug|Any CPU
		{F7727A12-0ACB-4DD3-A5D2-DB9F875C1E8C}.Debug|Any CPU.Build.0 = Debug|Any CPU
		{F7727A12-0ACB-4DD3-A5D2-DB9F875C1E8C}.Release|Any CPU.ActiveCfg = Release|Any CPU
		{F7727A12-0ACB-4DD3-A5D2-DB9F875C1E8C}.Release|Any CPU.Build.0 = Release|Any CPU
		{1D312A12-0049-4138-8CE9-18C5AB7A5C2D}.Debug|Any CPU.ActiveCfg = Debug|Any CPU
		{1D312A12-0049-4138-8CE9-18C5AB7A5C2D}.Debug|Any CPU.Build.0 = Debug|Any CPU
		{1D312A12-0049-4138-8CE9-18C5AB7A5C2D}.Release|Any CPU.ActiveCfg = Release|Any CPU
		{1D312A12-0049-4138-8CE9-18C5AB7A5C2D}.Release|Any CPU.Build.0 = Release|Any CPU
		{37438D8E-C220-4026-A7C3-6688DB60C6E2}.Debug|Any CPU.ActiveCfg = Debug|Any CPU
		{37438D8E-C220-4026-A7C3-6688DB60C6E2}.Debug|Any CPU.Build.0 = Debug|Any CPU
		{37438D8E-C220-4026-A7C3-6688DB60C6E2}.Release|Any CPU.ActiveCfg = Release|Any CPU
		{37438D8E-C220-4026-A7C3-6688DB60C6E2}.Release|Any CPU.Build.0 = Release|Any CPU
		{3A84A1BE-C81B-40DA-B5D2-DF8458EAE5A9}.Debug|Any CPU.ActiveCfg = Debug|Any CPU
		{3A84A1BE-C81B-40DA-B5D2-DF8458EAE5A9}.Debug|Any CPU.Build.0 = Debug|Any CPU
		{3A84A1BE-C81B-40DA-B5D2-DF8458EAE5A9}.Release|Any CPU.ActiveCfg = Release|Any CPU
		{3A84A1BE-C81B-40DA-B5D2-DF8458EAE5A9}.Release|Any CPU.Build.0 = Release|Any CPU
		{36EB755E-6563-4D74-885B-A84519D009D7}.Debug|Any CPU.ActiveCfg = Debug|Any CPU
		{36EB755E-6563-4D74-885B-A84519D009D7}.Debug|Any CPU.Build.0 = Debug|Any CPU
		{36EB755E-6563-4D74-885B-A84519D009D7}.Release|Any CPU.ActiveCfg = Release|Any CPU
		{36EB755E-6563-4D74-885B-A84519D009D7}.Release|Any CPU.Build.0 = Release|Any CPU
		{FFE9E406-78AC-4F2A-AC59-C5EF21D501BD}.Debug|Any CPU.ActiveCfg = Debug|Any CPU
		{FFE9E406-78AC-4F2A-AC59-C5EF21D501BD}.Debug|Any CPU.Build.0 = Debug|Any CPU
		{FFE9E406-78AC-4F2A-AC59-C5EF21D501BD}.Release|Any CPU.ActiveCfg = Release|Any CPU
		{FFE9E406-78AC-4F2A-AC59-C5EF21D501BD}.Release|Any CPU.Build.0 = Release|Any CPU
		{ACD13F10-9593-4031-9373-E86372D8CC28}.Debug|Any CPU.ActiveCfg = Debug|Any CPU
		{ACD13F10-9593-4031-9373-E86372D8CC28}.Debug|Any CPU.Build.0 = Debug|Any CPU
		{ACD13F10-9593-4031-9373-E86372D8CC28}.Release|Any CPU.ActiveCfg = Release|Any CPU
		{ACD13F10-9593-4031-9373-E86372D8CC28}.Release|Any CPU.Build.0 = Release|Any CPU
		{D657B37E-6020-4FAE-8D2D-37F41DAD1FCC}.Debug|Any CPU.ActiveCfg = Debug|Any CPU
		{D657B37E-6020-4FAE-8D2D-37F41DAD1FCC}.Debug|Any CPU.Build.0 = Debug|Any CPU
		{D657B37E-6020-4FAE-8D2D-37F41DAD1FCC}.Release|Any CPU.ActiveCfg = Release|Any CPU
		{D657B37E-6020-4FAE-8D2D-37F41DAD1FCC}.Release|Any CPU.Build.0 = Release|Any CPU
	EndGlobalSection
	GlobalSection(SolutionProperties) = preSolution
		HideSolutionNode = FALSE
	EndGlobalSection
	GlobalSection(NestedProjects) = preSolution
		{51473D7A-F3F8-4121-9E43-A538744DD530} = {3EEA4E7B-1E36-4E91-9E8E-25D8138E8603}
		{F2E89CE5-7BA8-47D6-BBD4-E3A9221BD878} = {4902B71D-CA66-41F7-9F65-7E31A4794B2A}
		{F7727A12-0ACB-4DD3-A5D2-DB9F875C1E8C} = {F8B196E2-6C96-4EF3-8424-F9BCB50D1292}
		{1D312A12-0049-4138-8CE9-18C5AB7A5C2D} = {F8B196E2-6C96-4EF3-8424-F9BCB50D1292}
		{37438D8E-C220-4026-A7C3-6688DB60C6E2} = {50B0BD35-9F5F-4016-81D2-EEB4BD5D91A6}
		{3A84A1BE-C81B-40DA-B5D2-DF8458EAE5A9} = {50B0BD35-9F5F-4016-81D2-EEB4BD5D91A6}
		{36EB755E-6563-4D74-885B-A84519D009D7} = {50B0BD35-9F5F-4016-81D2-EEB4BD5D91A6}
		{FFE9E406-78AC-4F2A-AC59-C5EF21D501BD} = {F8B196E2-6C96-4EF3-8424-F9BCB50D1292}
		{ACD13F10-9593-4031-9373-E86372D8CC28} = {7C43EE3A-7F9A-440F-949A-D3E01BC9CF1C}
		{D657B37E-6020-4FAE-8D2D-37F41DAD1FCC} = {6B980B90-A484-489F-8113-1BB5D45226AA}
	EndGlobalSection
EndGlobal
